
Microsoft Visual Studio Solution File, Format Version 12.00
# Visual Studio Version 17
VisualStudioVersion = 17.10.35013.160
MinimumVisualStudioVersion = 10.0.40219.1
Project("{9A19103F-16F7-4668-BE54-9A1E7A4F7556}") = "ElPrisApi", "ElrpisApi\ElPrisApi.csproj", "{EF9D5AF1-3E20-4AF3-963B-FADC2327CE09}"
EndProject
Project("{FAE04EC0-301F-11D3-BF4B-00C04F79EFBC}") = "BackgroundWorker", "BackgroundWorker\BackgroundWorker.csproj", "{AE44A9A5-CD50-4F82-A71B-BC41402D8D2A}"
EndProject
Project("{FAE04EC0-301F-11D3-BF4B-00C04F79EFBC}") = "Common", "Common\Common.csproj", "{732B0ACA-67ED-48D0-B59C-C0AA2301FA96}"
EndProject
Global
	GlobalSection(SolutionConfigurationPlatforms) = preSolution
		Debug|Any CPU = Debug|Any CPU
		Release|Any CPU = Release|Any CPU
	EndGlobalSection
	GlobalSection(ProjectConfigurationPlatforms) = postSolution
		{EF9D5AF1-3E20-4AF3-963B-FADC2327CE09}.Debug|Any CPU.ActiveCfg = Debug|Any CPU
		{EF9D5AF1-3E20-4AF3-963B-FADC2327CE09}.Debug|Any CPU.Build.0 = Debug|Any CPU
		{EF9D5AF1-3E20-4AF3-963B-FADC2327CE09}.Release|Any CPU.ActiveCfg = Release|Any CPU
		{EF9D5AF1-3E20-4AF3-963B-FADC2327CE09}.Release|Any CPU.Build.0 = Release|Any CPU
		{AE44A9A5-CD50-4F82-A71B-BC41402D8D2A}.Debug|Any CPU.ActiveCfg = Debug|Any CPU
		{AE44A9A5-CD50-4F82-A71B-BC41402D8D2A}.Debug|Any CPU.Build.0 = Debug|Any CPU
		{AE44A9A5-CD50-4F82-A71B-BC41402D8D2A}.Release|Any CPU.ActiveCfg = Release|Any CPU
		{AE44A9A5-CD50-4F82-A71B-BC41402D8D2A}.Release|Any CPU.Build.0 = Release|Any CPU
		{732B0ACA-67ED-48D0-B59C-C0AA2301FA96}.Debug|Any CPU.ActiveCfg = Debug|Any CPU
		{732B0ACA-67ED-48D0-B59C-C0AA2301FA96}.Debug|Any CPU.Build.0 = Debug|Any CPU
		{732B0ACA-67ED-48D0-B59C-C0AA2301FA96}.Release|Any CPU.ActiveCfg = Release|Any CPU
		{732B0ACA-67ED-48D0-B59C-C0AA2301FA96}.Release|Any CPU.Build.0 = Release|Any CPU
	EndGlobalSection
	GlobalSection(SolutionProperties) = preSolution
		HideSolutionNode = FALSE
	EndGlobalSection
	GlobalSection(ExtensibilityGlobals) = postSolution
		SolutionGuid = {C427A157-8FBB-42ED-9911-6F2037768D61}
	EndGlobalSection
EndGlobal
